
Microsoft Visual Studio Solution File, Format Version 12.00
# Visual Studio 15
VisualStudioVersion = 15.0.27130.2036
MinimumVisualStudioVersion = 10.0.40219.1
Project("{FAE04EC0-301F-11D3-BF4B-00C04F79EFBC}") = "RpiApp", "RpiApp\RpiApp.csproj", "{D32F9782-1F31-4643-A3D6-4A70BE4AD600}"
EndProject
Global
	GlobalSection(SolutionConfigurationPlatforms) = preSolution
		Debug|Any CPU = Debug|Any CPU
		Release|Any CPU = Release|Any CPU
	EndGlobalSection
	GlobalSection(ProjectConfigurationPlatforms) = postSolution
		{D32F9782-1F31-4643-A3D6-4A70BE4AD600}.Debug|Any CPU.ActiveCfg = Debug|Any CPU
		{D32F9782-1F31-4643-A3D6-4A70BE4AD600}.Debug|Any CPU.Build.0 = Debug|Any CPU
		{D32F9782-1F31-4643-A3D6-4A70BE4AD600}.Release|Any CPU.ActiveCfg = Release|Any CPU
		{D32F9782-1F31-4643-A3D6-4A70BE4AD600}.Release|Any CPU.Build.0 = Release|Any CPU
	EndGlobalSection
	GlobalSection(SolutionProperties) = preSolution
		HideSolutionNode = FALSE
	EndGlobalSection
	GlobalSection(ExtensibilityGlobals) = postSolution
		SolutionGuid = {C00D05E1-3E7C-4F8A-833F-12CB7B8A9706}
	EndGlobalSection
EndGlobal
